
Microsoft Visual Studio Solution File, Format Version 12.00
# Visual Studio 2015
Project("{FAE04EC0-301F-11D3-BF4B-00C04F79EFBC}") = "click-move-grid", "click-move-grid.csproj", "{266AEF4F-E3C1-5B93-914A-9579BEA8B984}"
EndProject
Project("{FAE04EC0-301F-11D3-BF4B-00C04F79EFBC}") = "click-move-grid.Editor", "click-move-grid.Editor.csproj", "{2541192B-04FE-42C5-B149-B4F1ACE0675C}"
EndProject
Global
	GlobalSection(SolutionConfigurationPlatforms) = preSolution
		Debug|Any CPU = Debug|Any CPU
		Release|Any CPU = Release|Any CPU
	EndGlobalSection
	GlobalSection(ProjectConfigurationPlatforms) = postSolution
		{266AEF4F-E3C1-5B93-914A-9579BEA8B984}.Debug|Any CPU.ActiveCfg = Debug|Any CPU
		{266AEF4F-E3C1-5B93-914A-9579BEA8B984}.Debug|Any CPU.Build.0 = Debug|Any CPU
		{266AEF4F-E3C1-5B93-914A-9579BEA8B984}.Release|Any CPU.ActiveCfg = Release|Any CPU
		{266AEF4F-E3C1-5B93-914A-9579BEA8B984}.Release|Any CPU.Build.0 = Release|Any CPU
		{2541192B-04FE-42C5-B149-B4F1ACE0675C}.Debug|Any CPU.ActiveCfg = Debug|Any CPU
		{2541192B-04FE-42C5-B149-B4F1ACE0675C}.Debug|Any CPU.Build.0 = Debug|Any CPU
		{2541192B-04FE-42C5-B149-B4F1ACE0675C}.Release|Any CPU.ActiveCfg = Release|Any CPU
		{2541192B-04FE-42C5-B149-B4F1ACE0675C}.Release|Any CPU.Build.0 = Release|Any CPU
	EndGlobalSection
	GlobalSection(SolutionProperties) = preSolution
		HideSolutionNode = FALSE
	EndGlobalSection
EndGlobal
